{
  "name": "action-knows-helper",
  "lockfileVersion": 2,
  "requires": true,
  "packages": {
    "": {
      "dependencies": {
        "@dcloudio/uni-helper-json": "^1.0.13",
        "miniprogram-api-typings": "^2.4.1"
      }
    },
    "node_modules/@dcloudio/uni-helper-json": {
      "version": "1.0.13",
      "resolved": "https://npm.corp.kuaishou.com/@dcloudio%2funi-helper-json/-/uni-helper-json-1.0.13.tgz",
      "integrity": "sha1-ToqgYtqu+zDZiXPANaewq2KDKcc=",
      "license": "Apache-2.0"
    },
    "node_modules/miniprogram-api-typings": {
      "version": "2.4.1",
      "resolved": "https://npm.corp.kuaishou.com/miniprogram-api-typings/-/miniprogram-api-typings-2.4.1.tgz",
      "integrity": "sha1-i2yLKBZkJ5h5VIqV3h42d89a0PQ=",
      "license": "MIT"
    }
  },
  "dependencies": {
    "@dcloudio/uni-helper-json": {
      "version": "1.0.13",
      "resolved": "https://npm.corp.kuaishou.com/@dcloudio%2funi-helper-json/-/uni-helper-json-1.0.13.tgz",
      "integrity": "sha1-ToqgYtqu+zDZiXPANaewq2KDKcc="
    },
    "miniprogram-api-typings": {
      "version": "2.4.1",
      "resolved": "https://npm.corp.kuaishou.com/miniprogram-api-typings/-/miniprogram-api-typings-2.4.1.tgz",
      "integrity": "sha1-i2yLKBZkJ5h5VIqV3h42d89a0PQ="
    }
  }
}
